
Microsoft Visual Studio Solution File, Format Version 12.00
# Visual Studio 14
VisualStudioVersion = 14.0.25420.1
MinimumVisualStudioVersion = 10.0.40219.1
Project("{FAE04EC0-301F-11D3-BF4B-00C04F79EFBC}") = "ConsoleClient", "ConsoleClient\ConsoleClient.csproj", "{048E6049-0A73-43BA-8255-48DFB7F8F6B9}"
EndProject
Project("{FAE04EC0-301F-11D3-BF4B-00C04F79EFBC}") = "MathLibrary", "MathLibrary\MathLibrary.csproj", "{6BC23407-1AC7-48A4-B9AD-5A6BF465AA34}"
EndProject
Global
	GlobalSection(SolutionConfigurationPlatforms) = preSolution
		Debug|Any CPU = Debug|Any CPU
		Release|Any CPU = Release|Any CPU
	EndGlobalSection
	GlobalSection(ProjectConfigurationPlatforms) = postSolution
		{048E6049-0A73-43BA-8255-48DFB7F8F6B9}.Debug|Any CPU.ActiveCfg = Debug|Any CPU
		{048E6049-0A73-43BA-8255-48DFB7F8F6B9}.Debug|Any CPU.Build.0 = Debug|Any CPU
		{048E6049-0A73-43BA-8255-48DFB7F8F6B9}.Release|Any CPU.ActiveCfg = Release|Any CPU
		{048E6049-0A73-43BA-8255-48DFB7F8F6B9}.Release|Any CPU.Build.0 = Release|Any CPU
		{6BC23407-1AC7-48A4-B9AD-5A6BF465AA34}.Debug|Any CPU.ActiveCfg = Debug|Any CPU
		{6BC23407-1AC7-48A4-B9AD-5A6BF465AA34}.Debug|Any CPU.Build.0 = Debug|Any CPU
		{6BC23407-1AC7-48A4-B9AD-5A6BF465AA34}.Release|Any CPU.ActiveCfg = Release|Any CPU
		{6BC23407-1AC7-48A4-B9AD-5A6BF465AA34}.Release|Any CPU.Build.0 = Release|Any CPU
	EndGlobalSection
	GlobalSection(SolutionProperties) = preSolution
		HideSolutionNode = FALSE
	EndGlobalSection
EndGlobal
